
Microsoft Visual Studio Solution File, Format Version 12.00
# Visual Studio Version 17
VisualStudioVersion = 17.5.33502.453
MinimumVisualStudioVersion = 10.0.40219.1
Project("{FAE04EC0-301F-11D3-BF4B-00C04F79EFBC}") = "Blog.API", "Blog.API\Blog.API.csproj", "{E8A80114-261F-48B8-BD8C-363F2EBE7EB2}"
EndProject
Global
	GlobalSection(SolutionConfigurationPlatforms) = preSolution
		Debug|Any CPU = Debug|Any CPU
		Release|Any CPU = Release|Any CPU
	EndGlobalSection
	GlobalSection(ProjectConfigurationPlatforms) = postSolution
		{E8A80114-261F-48B8-BD8C-363F2EBE7EB2}.Debug|Any CPU.ActiveCfg = Debug|Any CPU
		{E8A80114-261F-48B8-BD8C-363F2EBE7EB2}.Debug|Any CPU.Build.0 = Debug|Any CPU
		{E8A80114-261F-48B8-BD8C-363F2EBE7EB2}.Release|Any CPU.ActiveCfg = Release|Any CPU
		{E8A80114-261F-48B8-BD8C-363F2EBE7EB2}.Release|Any CPU.Build.0 = Release|Any CPU
	EndGlobalSection
	GlobalSection(SolutionProperties) = preSolution
		HideSolutionNode = FALSE
	EndGlobalSection
	GlobalSection(ExtensibilityGlobals) = postSolution
		SolutionGuid = {F63670BF-4256-44E5-AC99-EFCCA17202BE}
	EndGlobalSection
EndGlobal
